// !$*UTF8*$!
{
	archiveVersion = 1;
	classes = {
	};
	objectVersion = 46;
	objects = {

/* Begin PBXBuildFile section */
		15D5B93ED621EB02B0F56517 /* Pods_Tray_App_Template.framework in Frameworks */ = {isa = PBXBuildFile; fileRef = 9E9D7F8FF4A109A14106C37D /* Pods_Tray_App_Template.framework */; };
		A12B017C1EF661A2001B2A03 /* Popover.swift in Sources */ = {isa = PBXBuildFile; fileRef = A12B017B1EF661A2001B2A03 /* Popover.swift */; };
		A15B503B1E909EBB005D1257 /* AppDelegate.swift in Sources */ = {isa = PBXBuildFile; fileRef = A15B503A1E909EBB005D1257 /* AppDelegate.swift */; };
		A15B503F1E909EBB005D1257 /* Assets.xcassets in Resources */ = {isa = PBXBuildFile; fileRef = A15B503E1E909EBB005D1257 /* Assets.xcassets */; };
		A15B504B1E909F0E005D1257 /* MainMenu.xib in Resources */ = {isa = PBXBuildFile; fileRef = A15B50491E909F0E005D1257 /* MainMenu.xib */; };
		A15B504E1E909F31005D1257 /* MenuViewController.swift in Sources */ = {isa = PBXBuildFile; fileRef = A15B504C1E909F31005D1257 /* MenuViewController.swift */; };
		A15B504F1E909F31005D1257 /* MenuViewController.xib in Resources */ = {isa = PBXBuildFile; fileRef = A15B504D1E909F31005D1257 /* MenuViewController.xib */; };
		EDAE2CA921EDC80B0003FE97 /* battery.sh in Resources */ = {isa = PBXBuildFile; fileRef = EDAE2CA821EDC80B0003FE97 /* battery.sh */; };
/* End PBXBuildFile section */

/* Begin PBXFileReference section */
		0DC9E081584848DA262FED27 /* Pods-Tray-App-Template.release.xcconfig */ = {isa = PBXFileReference; includeInIndex = 1; lastKnownFileType = text.xcconfig; name = "Pods-Tray-App-Template.release.xcconfig"; path = "Pods/Target Support Files/Pods-Tray-App-Template/Pods-Tray-App-Template.release.xcconfig"; sourceTree = "<group>"; };
		9E9D7F8FF4A109A14106C37D /* Pods_Tray_App_Template.framework */ = {isa = PBXFileReference; explicitFileType = wrapper.framework; includeInIndex = 0; path = Pods_Tray_App_Template.framework; sourceTree = BUILT_PRODUCTS_DIR; };
		A12B017B1EF661A2001B2A03 /* Popover.swift */ = {isa = PBXFileReference; lastKnownFileType = sourcecode.swift; path = Popover.swift; sourceTree = "<group>"; };
		A15B50371E909EBB005D1257 /* Tray-App-Template.app */ = {isa = PBXFileReference; explicitFileType = wrapper.application; includeInIndex = 0; path = "Tray-App-Template.app"; sourceTree = BUILT_PRODUCTS_DIR; };
		A15B503A1E909EBB005D1257 /* AppDelegate.swift */ = {isa = PBXFileReference; lastKnownFileType = sourcecode.swift; path = AppDelegate.swift; sourceTree = "<group>"; };
		A15B503E1E909EBB005D1257 /* Assets.xcassets */ = {isa = PBXFileReference; lastKnownFileType = folder.assetcatalog; path = Assets.xcassets; sourceTree = "<group>"; };
		A15B50431E909EBB005D1257 /* Info.plist */ = {isa = PBXFileReference; lastKnownFileType = text.plist.xml; path = Info.plist; sourceTree = "<group>"; };
		A15B504A1E909F0E005D1257 /* Base */ = {isa = PBXFileReference; lastKnownFileType = file.xib; name = Base; path = Base.lproj/MainMenu.xib; sourceTree = "<group>"; };
		A15B504C1E909F31005D1257 /* MenuViewController.swift */ = {isa = PBXFileReference; fileEncoding = 4; lastKnownFileType = sourcecode.swift; path = MenuViewController.swift; sourceTree = "<group>"; };
		A15B504D1E909F31005D1257 /* MenuViewController.xib */ = {isa = PBXFileReference; fileEncoding = 4; lastKnownFileType = file.xib; path = MenuViewController.xib; sourceTree = "<group>"; };
		B36911ACA1F2899773C4E561 /* Pods-Tray-App-Template.debug.xcconfig */ = {isa = PBXFileReference; includeInIndex = 1; lastKnownFileType = text.xcconfig; name = "Pods-Tray-App-Template.debug.xcconfig"; path = "Pods/Target Support Files/Pods-Tray-App-Template/Pods-Tray-App-Template.debug.xcconfig"; sourceTree = "<group>"; };
		EDAE2CA821EDC80B0003FE97 /* battery.sh */ = {isa = PBXFileReference; fileEncoding = 4; lastKnownFileType = text.script.sh; path = battery.sh; sourceTree = "<group>"; };
/* End PBXFileReference section */

/* Begin PBXFrameworksBuildPhase section */
		A15B50341E909EBB005D1257 /* Frameworks */ = {
			isa = PBXFrameworksBuildPhase;
			buildActionMask = 2147483647;
			files = (
				15D5B93ED621EB02B0F56517 /* Pods_Tray_App_Template.framework in Frameworks */,
			);
			runOnlyForDeploymentPostprocessing = 0;
		};
/* End PBXFrameworksBuildPhase section */

/* Begin PBXGroup section */
		A15B502E1E909EBB005D1257 = {
			isa = PBXGroup;
			children = (
				A15B50391E909EBB005D1257 /* Tray-App-Template */,
				A15B50381E909EBB005D1257 /* Products */,
				BED57FE4182D7808E2410B12 /* Pods */,
				DC444A6334261026BABE0201 /* Frameworks */,
			);
			sourceTree = "<group>";
		};
		A15B50381E909EBB005D1257 /* Products */ = {
			isa = PBXGroup;
			children = (
				A15B50371E909EBB005D1257 /* Tray-App-Template.app */,
			);
			name = Products;
			sourceTree = "<group>";
		};
		A15B50391E909EBB005D1257 /* Tray-App-Template */ = {
			isa = PBXGroup;
			children = (
				EDAE2CA821EDC80B0003FE97 /* battery.sh */,
				A15B503A1E909EBB005D1257 /* AppDelegate.swift */,
				A15B504C1E909F31005D1257 /* MenuViewController.swift */,
				A15B504D1E909F31005D1257 /* MenuViewController.xib */,
				A12B017B1EF661A2001B2A03 /* Popover.swift */,
				A15B503E1E909EBB005D1257 /* Assets.xcassets */,
				A15B50491E909F0E005D1257 /* MainMenu.xib */,
				A15B50431E909EBB005D1257 /* Info.plist */,
			);
			path = "Tray-App-Template";
			sourceTree = "<group>";
		};
		BED57FE4182D7808E2410B12 /* Pods */ = {
			isa = PBXGroup;
			children = (
				B36911ACA1F2899773C4E561 /* Pods-Tray-App-Template.debug.xcconfig */,
				0DC9E081584848DA262FED27 /* Pods-Tray-App-Template.release.xcconfig */,
			);
			name = Pods;
			sourceTree = "<group>";
		};
		DC444A6334261026BABE0201 /* Frameworks */ = {
			isa = PBXGroup;
			children = (
				9E9D7F8FF4A109A14106C37D /* Pods_Tray_App_Template.framework */,
			);
			name = Frameworks;
			sourceTree = "<group>";
		};
/* End PBXGroup section */

/* Begin PBXNativeTarget section */
		A15B50361E909EBB005D1257 /* Tray-App-Template */ = {
			isa = PBXNativeTarget;
			buildConfigurationList = A15B50461E909EBB005D1257 /* Build configuration list for PBXNativeTarget "Tray-App-Template" */;
			buildPhases = (
				93D2EE1576E4BFE41E616F6F /* [CP] Check Pods Manifest.lock */,
				A15B50331E909EBB005D1257 /* Sources */,
				A15B50341E909EBB005D1257 /* Frameworks */,
				A15B50351E909EBB005D1257 /* Resources */,
				B8E7FBC7CDC83A2429D0CD43 /* [CP] Embed Pods Frameworks */,
				EDAE2CA721EDC7E80003FE97 /* ShellScript */,
			);
			buildRules = (
			);
			dependencies = (
			);
			name = "Tray-App-Template";
			productName = HarvardGenerator;
			productReference = A15B50371E909EBB005D1257 /* Tray-App-Template.app */;
			productType = "com.apple.product-type.application";
		};
/* End PBXNativeTarget section */

/* Begin PBXProject section */
		A15B502F1E909EBB005D1257 /* Project object */ = {
			isa = PBXProject;
			attributes = {
				LastSwiftUpdateCheck = 0830;
				LastUpgradeCheck = 1000;
				ORGANIZATIONNAME = "Luka Kerr";
				TargetAttributes = {
					A15B50361E909EBB005D1257 = {
						CreatedOnToolsVersion = 8.3;
						DevelopmentTeam = D8D2NQ6572;
						LastSwiftMigration = 0900;
						ProvisioningStyle = Automatic;
					};
				};
			};
			buildConfigurationList = A15B50321E909EBB005D1257 /* Build configuration list for PBXProject "Tray-App-Template" */;
			compatibilityVersion = "Xcode 3.2";
			developmentRegion = English;
			hasScannedForEncodings = 0;
			knownRegions = (
				en,
				Base,
			);
			mainGroup = A15B502E1E909EBB005D1257;
			productRefGroup = A15B50381E909EBB005D1257 /* Products */;
			projectDirPath = "";
			projectRoot = "";
			targets = (
				A15B50361E909EBB005D1257 /* Tray-App-Template */,
			);
		};
/* End PBXProject section */

/* Begin PBXResourcesBuildPhase section */
		A15B50351E909EBB005D1257 /* Resources */ = {
			isa = PBXResourcesBuildPhase;
			buildActionMask = 2147483647;
			files = (
				EDAE2CA921EDC80B0003FE97 /* battery.sh in Resources */,
				A15B503F1E909EBB005D1257 /* Assets.xcassets in Resources */,
				A15B504F1E909F31005D1257 /* MenuViewController.xib in Resources */,
				A15B504B1E909F0E005D1257 /* MainMenu.xib in Resources */,
			);
			runOnlyForDeploymentPostprocessing = 0;
		};
/* End PBXResourcesBuildPhase section */

/* Begin PBXShellScriptBuildPhase section */
		93D2EE1576E4BFE41E616F6F /* [CP] Check Pods Manifest.lock */ = {
			isa = PBXShellScriptBuildPhase;
			buildActionMask = 2147483647;
			files = (
			);
			inputPaths = (
				"${PODS_PODFILE_DIR_PATH}/Podfile.lock",
				"${PODS_ROOT}/Manifest.lock",
			);
			name = "[CP] Check Pods Manifest.lock";
			outputPaths = (
				"$(DERIVED_FILE_DIR)/Pods-Tray-App-Template-checkManifestLockResult.txt",
			);
			runOnlyForDeploymentPostprocessing = 0;
			shellPath = /bin/sh;
			shellScript = "diff \"${PODS_PODFILE_DIR_PATH}/Podfile.lock\" \"${PODS_ROOT}/Manifest.lock\" > /dev/null\nif [ $? != 0 ] ; then\n    # print error to STDERR\n    echo \"error: The sandbox is not in sync with the Podfile.lock. Run 'pod install' or update your CocoaPods installation.\" >&2\n    exit 1\nfi\n# This output is used by Xcode 'outputs' to avoid re-running this script phase.\necho \"SUCCESS\" > \"${SCRIPT_OUTPUT_FILE_0}\"\n";
			showEnvVarsInLog = 0;
		};
		B8E7FBC7CDC83A2429D0CD43 /* [CP] Embed Pods Frameworks */ = {
			isa = PBXShellScriptBuildPhase;
			buildActionMask = 2147483647;
			files = (
			);
			inputPaths = (
				"${SRCROOT}/Pods/Target Support Files/Pods-Tray-App-Template/Pods-Tray-App-Template-frameworks.sh",
				"${BUILT_PRODUCTS_DIR}/LaunchAtLogin/LaunchAtLogin.framework",
			);
			name = "[CP] Embed Pods Frameworks";
			outputPaths = (
				"${TARGET_BUILD_DIR}/${FRAMEWORKS_FOLDER_PATH}/LaunchAtLogin.framework",
			);
			runOnlyForDeploymentPostprocessing = 0;
			shellPath = /bin/sh;
			shellScript = "\"${SRCROOT}/Pods/Target Support Files/Pods-Tray-App-Template/Pods-Tray-App-Template-frameworks.sh\"\n";
			showEnvVarsInLog = 0;
		};
		EDAE2CA721EDC7E80003FE97 /* ShellScript */ = {
			isa = PBXShellScriptBuildPhase;
			buildActionMask = 2147483647;
			files = (
			);
			inputFileListPaths = (
			);
			inputPaths = (
			);
			outputFileListPaths = (
			);
			outputPaths = (
			);
			runOnlyForDeploymentPostprocessing = 0;
			shellPath = /bin/sh;
			shellScript = "\"${PROJECT_DIR}/Pods/LaunchAtLogin/LaunchAtLogin/copy-helper.sh\"\n";
		};
/* End PBXShellScriptBuildPhase section */

/* Begin PBXSourcesBuildPhase section */
		A15B50331E909EBB005D1257 /* Sources */ = {
			isa = PBXSourcesBuildPhase;
			buildActionMask = 2147483647;
			files = (
				A15B504E1E909F31005D1257 /* MenuViewController.swift in Sources */,
				A12B017C1EF661A2001B2A03 /* Popover.swift in Sources */,
				A15B503B1E909EBB005D1257 /* AppDelegate.swift in Sources */,
			);
			runOnlyForDeploymentPostprocessing = 0;
		};
/* End PBXSourcesBuildPhase section */

/* Begin PBXVariantGroup section */
		A15B50491E909F0E005D1257 /* MainMenu.xib */ = {
			isa = PBXVariantGroup;
			children = (
				A15B504A1E909F0E005D1257 /* Base */,
			);
			name = MainMenu.xib;
			sourceTree = "<group>";
		};
/* End PBXVariantGroup section */

/* Begin XCBuildConfiguration section */
		A15B50441E909EBB005D1257 /* Debug */ = {
			isa = XCBuildConfiguration;
			buildSettings = {
				ALWAYS_SEARCH_USER_PATHS = NO;
				CLANG_ANALYZER_NONNULL = YES;
				CLANG_ANALYZER_NUMBER_OBJECT_CONVERSION = YES_AGGRESSIVE;
				CLANG_CXX_LANGUAGE_STANDARD = "gnu++0x";
				CLANG_CXX_LIBRARY = "libc++";
				CLANG_ENABLE_MODULES = YES;
				CLANG_ENABLE_OBJC_ARC = YES;
				CLANG_WARN_BLOCK_CAPTURE_AUTORELEASING = YES;
				CLANG_WARN_BOOL_CONVERSION = YES;
				CLANG_WARN_COMMA = YES;
				CLANG_WARN_CONSTANT_CONVERSION = YES;
				CLANG_WARN_DEPRECATED_OBJC_IMPLEMENTATIONS = YES;
				CLANG_WARN_DIRECT_OBJC_ISA_USAGE = YES_ERROR;
				CLANG_WARN_DOCUMENTATION_COMMENTS = YES;
				CLANG_WARN_EMPTY_BODY = YES;
				CLANG_WARN_ENUM_CONVERSION = YES;
				CLANG_WARN_INFINITE_RECURSION = YES;
				CLANG_WARN_INT_CONVERSION = YES;
				CLANG_WARN_NON_LITERAL_NULL_CONVERSION = YES;
				CLANG_WARN_OBJC_IMPLICIT_RETAIN_SELF = YES;
				CLANG_WARN_OBJC_LITERAL_CONVERSION = YES;
				CLANG_WARN_OBJC_ROOT_CLASS = YES_ERROR;
				CLANG_WARN_RANGE_LOOP_ANALYSIS = YES;
				CLANG_WARN_STRICT_PROTOTYPES = YES;
				CLANG_WARN_SUSPICIOUS_MOVE = YES;
				CLANG_WARN_UNREACHABLE_CODE = YES;
				CLANG_WARN__DUPLICATE_METHOD_MATCH = YES;
				CODE_SIGN_IDENTITY = "-";
				COPY_PHASE_STRIP = NO;
				DEBUG_INFORMATION_FORMAT = dwarf;
				ENABLE_STRICT_OBJC_MSGSEND = YES;
				ENABLE_TESTABILITY = YES;
				GCC_C_LANGUAGE_STANDARD = gnu99;
				GCC_DYNAMIC_NO_PIC = NO;
				GCC_NO_COMMON_BLOCKS = YES;
				GCC_OPTIMIZATION_LEVEL = 0;
				GCC_PREPROCESSOR_DEFINITIONS = (
					"DEBUG=1",
					"$(inherited)",
				);
				GCC_WARN_64_TO_32_BIT_CONVERSION = YES;
				GCC_WARN_ABOUT_RETURN_TYPE = YES_ERROR;
				GCC_WARN_UNDECLARED_SELECTOR = YES;
				GCC_WARN_UNINITIALIZED_AUTOS = YES_AGGRESSIVE;
				GCC_WARN_UNUSED_FUNCTION = YES;
				GCC_WARN_UNUSED_VARIABLE = YES;
				MACOSX_DEPLOYMENT_TARGET = 10.12;
				MTL_ENABLE_DEBUG_INFO = YES;
				ONLY_ACTIVE_ARCH = YES;
				SDKROOT = macosx;
				SWIFT_ACTIVE_COMPILATION_CONDITIONS = DEBUG;
				SWIFT_OPTIMIZATION_LEVEL = "-Onone";
			};
			name = Debug;
		};
		A15B50451E909EBB005D1257 /* Release */ = {
			isa = XCBuildConfiguration;
			buildSettings = {
				ALWAYS_SEARCH_USER_PATHS = NO;
				CLANG_ANALYZER_NONNULL = YES;
				CLANG_ANALYZER_NUMBER_OBJECT_CONVERSION = YES_AGGRESSIVE;
				CLANG_CXX_LANGUAGE_STANDARD = "gnu++0x";
				CLANG_CXX_LIBRARY = "libc++";
				CLANG_ENABLE_MODULES = YES;
				CLANG_ENABLE_OBJC_ARC = YES;
				CLANG_WARN_BLOCK_CAPTURE_AUTORELEASING = YES;
				CLANG_WARN_BOOL_CONVERSION = YES;
				CLANG_WARN_COMMA = YES;
				CLANG_WARN_CONSTANT_CONVERSION = YES;
				CLANG_WARN_DEPRECATED_OBJC_IMPLEMENTATIONS = YES;
				CLANG_WARN_DIRECT_OBJC_ISA_USAGE = YES_ERROR;
				CLANG_WARN_DOCUMENTATION_COMMENTS = YES;
				CLANG_WARN_EMPTY_BODY = YES;
				CLANG_WARN_ENUM_CONVERSION = YES;
				CLANG_WARN_INFINITE_RECURSION = YES;
				CLANG_WARN_INT_CONVERSION = YES;
				CLANG_WARN_NON_LITERAL_NULL_CONVERSION = YES;
				CLANG_WARN_OBJC_IMPLICIT_RETAIN_SELF = YES;
				CLANG_WARN_OBJC_LITERAL_CONVERSION = YES;
				CLANG_WARN_OBJC_ROOT_CLASS = YES_ERROR;
				CLANG_WARN_RANGE_LOOP_ANALYSIS = YES;
				CLANG_WARN_STRICT_PROTOTYPES = YES;
				CLANG_WARN_SUSPICIOUS_MOVE = YES;
				CLANG_WARN_UNREACHABLE_CODE = YES;
				CLANG_WARN__DUPLICATE_METHOD_MATCH = YES;
				CODE_SIGN_IDENTITY = "-";
				COPY_PHASE_STRIP = NO;
				DEBUG_INFORMATION_FORMAT = "dwarf-with-dsym";
				ENABLE_NS_ASSERTIONS = NO;
				ENABLE_STRICT_OBJC_MSGSEND = YES;
				GCC_C_LANGUAGE_STANDARD = gnu99;
				GCC_NO_COMMON_BLOCKS = YES;
				GCC_WARN_64_TO_32_BIT_CONVERSION = YES;
				GCC_WARN_ABOUT_RETURN_TYPE = YES_ERROR;
				GCC_WARN_UNDECLARED_SELECTOR = YES;
				GCC_WARN_UNINITIALIZED_AUTOS = YES_AGGRESSIVE;
				GCC_WARN_UNUSED_FUNCTION = YES;
				GCC_WARN_UNUSED_VARIABLE = YES;
				MACOSX_DEPLOYMENT_TARGET = 10.12;
				MTL_ENABLE_DEBUG_INFO = NO;
				SDKROOT = macosx;
				SWIFT_OPTIMIZATION_LEVEL = "-Owholemodule";
			};
			name = Release;
		};
		A15B50471E909EBB005D1257 /* Debug */ = {
			isa = XCBuildConfiguration;
			baseConfigurationReference = B36911ACA1F2899773C4E561 /* Pods-Tray-App-Template.debug.xcconfig */;
			buildSettings = {
				ASSETCATALOG_COMPILER_APPICON_NAME = AppIcon;
				CODE_SIGN_IDENTITY = "Mac Developer";
				CODE_SIGN_STYLE = Automatic;
				COMBINE_HIDPI_IMAGES = YES;
				DEVELOPMENT_TEAM = D8D2NQ6572;
				INFOPLIST_FILE = "Tray-App-Template/Info.plist";
				LD_RUNPATH_SEARCH_PATHS = "$(inherited) @executable_path/../Frameworks";
				PRODUCT_BUNDLE_IDENTIFIER = com.willbishop.MenuPower;
				PRODUCT_NAME = "$(TARGET_NAME)";
				PROVISIONING_PROFILE_SPECIFIER = "";
				SWIFT_SWIFT3_OBJC_INFERENCE = Default;
				SWIFT_VERSION = 4.0;
			};
			name = Debug;
		};
		A15B50481E909EBB005D1257 /* Release */ = {
			isa = XCBuildConfiguration;
			baseConfigurationReference = 0DC9E081584848DA262FED27 /* Pods-Tray-App-Template.release.xcconfig */;
			buildSettings = {
				ASSETCATALOG_COMPILER_APPICON_NAME = AppIcon;
				CODE_SIGN_IDENTITY = "Mac Developer";
				CODE_SIGN_STYLE = Automatic;
				COMBINE_HIDPI_IMAGES = YES;
				DEVELOPMENT_TEAM = D8D2NQ6572;
				INFOPLIST_FILE = "Tray-App-Template/Info.plist";
				LD_RUNPATH_SEARCH_PATHS = "$(inherited) @executable_path/../Frameworks";
				PRODUCT_BUNDLE_IDENTIFIER = com.willbishop.MenuPower;
				PRODUCT_NAME = "$(TARGET_NAME)";
				PROVISIONING_PROFILE_SPECIFIER = "";
				SWIFT_SWIFT3_OBJC_INFERENCE = Default;
				SWIFT_VERSION = 4.0;
			};
			name = Release;
		};
/* End XCBuildConfiguration section */

/* Begin XCConfigurationList section */
		A15B50321E909EBB005D1257 /* Build configuration list for PBXProject "Tray-App-Template" */ = {
			isa = XCConfigurationList;
			buildConfigurations = (
				A15B50441E909EBB005D1257 /* Debug */,
				A15B50451E909EBB005D1257 /* Release */,
			);
			defaultConfigurationIsVisible = 0;
			defaultConfigurationName = Release;
		};
		A15B50461E909EBB005D1257 /* Build configuration list for PBXNativeTarget "Tray-App-Template" */ = {
			isa = XCConfigurationList;
			buildConfigurations = (
				A15B50471E909EBB005D1257 /* Debug */,
				A15B50481E909EBB005D1257 /* Release */,
			);
			defaultConfigurationIsVisible = 0;
			defaultConfigurationName = Release;
		};
/* End XCConfigurationList section */
	};
	rootObject = A15B502F1E909EBB005D1257 /* Project object */;
}
